{
  "name": "roadplanner-renderer-poc",
  "version": "0.1.0-poc.2",
  "lockfileVersion": 3,
  "requires": true,
  "packages": {
    "": {
      "name": "roadplanner-renderer-poc",
      "version": "0.1.0-poc.2",
      "license": "MIT",
      "devDependencies": {},
      "engines": {
        "node": ">=20"
      }
    }
  }
}
